# This file is autogenerated, do not edit; changes may be undone by the next 'dep ensure'.


[[projects]]
  branch = "master"
  name = "github.com/google/go-querystring"
  packages = ["query"]
  revision = "53e6ce116135b80d037921a7fdd5138cf32d7a8a"

[[projects]]
  branch = "master"
  name = "github.com/moul/http2curl"
  packages = ["."]
  revision = "9ac6cf4d929b2fa8fd2d2e6dec5bb0feb4f4911d"

[[projects]]
  name = "github.com/ns3777k/go-shodan"
  packages = ["shodan"]
  revision = "ababb42efa594d2668b38e27ca7403813c89d8a9"
  version = "v3.1.0"

[[projects]]
  name = "gopkg.in/ns3777k/go-shodan.v3"
  packages = ["shodan"]
  revision = "ababb42efa594d2668b38e27ca7403813c89d8a9"
  version = "v3.1.0"

[solve-meta]
  analyzer-name = "dep"
  analyzer-version = 1
  inputs-digest = "f99a20e6c4cf8f3621f3726f02cac3faa2779874ae0d1f889105706eab6e5218"
  solver-name = "gps-cdcl"
  solver-version = 1
